
Microsoft Visual Studio Solution File, Format Version 12.00
# Visual Studio Version 17
VisualStudioVersion = 17.5.002.0
MinimumVisualStudioVersion = 10.0.40219.1
Project("{9A19103F-16F7-4668-BE54-9A1E7A4F7556}") = "MinimalApi", "MinimalApi.csproj", "{7FE74F96-6B2B-4671-BDBA-835444A08C9A}"
EndProject
Global
	GlobalSection(SolutionConfigurationPlatforms) = preSolution
		Debug|Any CPU = Debug|Any CPU
		Release|Any CPU = Release|Any CPU
	EndGlobalSection
	GlobalSection(ProjectConfigurationPlatforms) = postSolution
		{7FE74F96-6B2B-4671-BDBA-835444A08C9A}.Debug|Any CPU.ActiveCfg = Debug|Any CPU
		{7FE74F96-6B2B-4671-BDBA-835444A08C9A}.Debug|Any CPU.Build.0 = Debug|Any CPU
		{7FE74F96-6B2B-4671-BDBA-835444A08C9A}.Release|Any CPU.ActiveCfg = Release|Any CPU
		{7FE74F96-6B2B-4671-BDBA-835444A08C9A}.Release|Any CPU.Build.0 = Release|Any CPU
	EndGlobalSection
	GlobalSection(SolutionProperties) = preSolution
		HideSolutionNode = FALSE
	EndGlobalSection
	GlobalSection(ExtensibilityGlobals) = postSolution
		SolutionGuid = {223282A9-0E06-4759-A42A-37DBFF5C7991}
	EndGlobalSection
EndGlobal
